{
  "name": "regdoll-manage",
  "version": "0.0.0",
  "lockfileVersion": 1,
  "requires": true,
  "dependencies": {
    "vue-router": {
      "version": "4.0.6",
      "resolved": "https://registry.npm.taobao.org/vue-router/download/vue-router-4.0.6.tgz",
      "integrity": "sha1-kXUNtQfSZkLyJbDsYGRWjl/kSNY="
    }
  }
}
